# This file is automatically @generated by Cargo.
# It is not intended for manual editing.
[[package]]
name = "main"
version = "1.3.0"

[[package]]
name = "wsl2-ip-host-cli"
version = "1.3.0"
dependencies = [
 "main",
]

[[package]]
name = "wsl2-ip-host-win"
version = "0.1.0"
dependencies = [
 "main",
]
